<?xml version="1.0" encoding="utf-8"?>
<Project ToolsVersion="4.0" xmlns="http://schemas.microsoft.com/developer/msbuild/2003">
  <ItemGroup>
    <Filter Include="Source Files">
      <UniqueIdentifier>{4FC737F1-C7A5-4376-A066-2A32D752A2FF}</UniqueIdentifier>
      <Extensions>cpp;c;cc;cxx;c++;cppm;ixx;def;odl;idl;hpj;bat;asm;asmx</Extensions>
    </Filter>
    <Filter Include="Header Files">
      <UniqueIdentifier>{93995380-89BD-4b04-88EB-625FBE52EBFB}</UniqueIdentifier>
      <Extensions>h;hh;hpp;hxx;h++;hm;inl;inc;ipp;xsd</Extensions>
    </Filter>
    <Filter Include="Resource Files">
      <UniqueIdentifier>{67DA6AB6-F800-4c08-8B7A-83BB121AAD01}</UniqueIdentifier>
      <Extensions>rc;ico;cur;bmp;dlg;rc2;rct;bin;rgs;gif;jpg;jpeg;jpe;resx;tiff;tif;png;wav;mfcribbon-ms</Extensions>
    </Filter>
    <Filter Include="Player">
      <UniqueIdentifier>{ae19099b-b674-4599-aeae-50bf4fd7dc02}</UniqueIdentifier>
    </Filter>
    <Filter Include="Platform">
      <UniqueIdentifier>{fc11f0a0-1aaa-4d4a-8056-4d66edb82824}</UniqueIdentifier>
    </Filter>
    <Filter Include="Projectile">
      <UniqueIdentifier>{5d3b7996-cf27-4d5a-8ef3-0ca3ee942973}</UniqueIdentifier>
    </Filter>
    <Filter Include="Enemy">
      <UniqueIdentifier>{eae9143b-9aa2-48a0-b5b9-1f9caf3f5b24}</UniqueIdentifier>
    </Filter>
    <Filter Include="Pickup">
      <UniqueIdentifier>{37b966e8-6f0c-441a-a290-fa035c92c670}</UniqueIdentifier>
    </Filter>
  </ItemGroup>
  <ItemGroup>
    <ClInclude Include="Sources\Framework.h">
      <Filter>Header Files</Filter>
    </ClInclude>
    <ClInclude Include="Sources\Player\Player.h">
      <Filter>Player</Filter>
    </ClInclude>
    <ClInclude Include="Sources\Projectile\Projectile.h">
      <Filter>Projectile</Filter>
    </ClInclude>
    <ClInclude Include="Sources\Platform\Platform.h">
      <Filter>Platform</Filter>
    </ClInclude>
    <ClInclude Include="Sources\Pickup\Pickup.h">
      <Filter>Pickup</Filter>
    </ClInclude>
    <ClInclude Include="Sources\MyFramework.h">
      <Filter>Source Files</Filter>
    </ClInclude>
    <ClInclude Include="Sources\Enemy\Enemy.h">
      <Filter>Enemy</Filter>
    </ClInclude>
  </ItemGroup>
  <ItemGroup>
    <ClCompile Include="Sources\game.cpp">
      <Filter>Source Files</Filter>
    </ClCompile>
    <ClCompile Include="Sources\Player\Player.cpp">
      <Filter>Player</Filter>
    </ClCompile>
    <ClCompile Include="Sources\Platform\Platform.cpp">
      <Filter>Platform</Filter>
    </ClCompile>
    <ClCompile Include="Sources\Projectile\Projectile.cpp">
      <Filter>Projectile</Filter>
    </ClCompile>
    <ClCompile Include="Sources\Pickup\Pickup.cpp">
      <Filter>Pickup</Filter>
    </ClCompile>
    <ClCompile Include="Sources\MyFramework.cpp">
      <Filter>Source Files</Filter>
    </ClCompile>
    <ClCompile Include="Sources\Enemy\Enemy.cpp">
      <Filter>Enemy</Filter>
    </ClCompile>
  </ItemGroup>
</Project>